dependencies:
- name: postgres
  repository: oci://registry-1.docker.io/cloudpirates
  version: 0.20.5
- name: valkey
  repository: https://valkey.io/valkey-helm/
  version: 0.9.4
digest: sha256:d17287afa591afcd83637ec5f84f495e59c008952c71bc1700350b55b9ccda75
generated: "2026-09-10T16:34:56.885982553Z"
