dependencies:
- name: redis
  repository: https://charts.bitnami.com/bitnami
  version: 21.2.0
- name: postgresql
  repository: https://charts.bitnami.com/bitnami
  version: 15.5.38
digest: sha256:8160ee7093bf9825571194ff801dc3f1ae78d6078fb51c396d361dba3834c277
generated: "2025-06-07T02:02:22.06017468Z"
