dependencies:
- name: redis
  repository: https://charts.bitnami.com/bitnami
  version: 21.0.0
- name: postgresql
  repository: https://charts.bitnami.com/bitnami
  version: 15.5.38
digest: sha256:0001478431426c3982a4beb58059390812b7e0ece4d729cfdd23871c1d33b0a6
generated: "2025-05-07T00:01:04.710041713Z"
